// !$*UTF8*$!
{
	archiveVersion = 1;
	classes = {
	};
	objectVersion = 46;
	objects = {

/* Begin PBXBuildFile section */
		0DE1FC9B1E85B49A003F4023 /* main.m in Sources */ = {isa = PBXBuildFile; fileRef = 0DE1FC9A1E85B49A003F4023 /* main.m */; };
		0DE1FC9E1E85B49A003F4023 /* AppDelegate.m in Sources */ = {isa = PBXBuildFile; fileRef = 0DE1FC9D1E85B49A003F4023 /* AppDelegate.m */; };
		0DE1FCA11E85B49A003F4023 /* ViewController.m in Sources */ = {isa = PBXBuildFile; fileRef = 0DE1FCA01E85B49A003F4023 /* ViewController.m */; };
		0DE1FCA41E85B49A003F4023 /* Main.storyboard in Resources */ = {isa = PBXBuildFile; fileRef = 0DE1FCA21E85B49A003F4023 /* Main.storyboard */; };
		0DE1FCA61E85B49A003F4023 /* Assets.xcassets in Resources */ = {isa = PBXBuildFile; fileRef = 0DE1FCA51E85B49A003F4023 /* Assets.xcassets */; };
		0DE1FCA91E85B49A003F4023 /* LaunchScreen.storyboard in Resources */ = {isa = PBXBuildFile; fileRef = 0DE1FCA71E85B49A003F4023 /* LaunchScreen.storyboard */; };
		0DE1FCB41E85B49A003F4023 /* KSPromisePlaygroundTests.m in Sources */ = {isa = PBXBuildFile; fileRef = 0DE1FCB31E85B49A003F4023 /* KSPromisePlaygroundTests.m */; };
/* End PBXBuildFile section */

/* Begin PBXContainerItemProxy section */
		0DE1FCB01E85B49A003F4023 /* PBXContainerItemProxy */ = {
			isa = PBXContainerItemProxy;
			containerPortal = 0DE1FC8E1E85B49A003F4023 /* Project object */;
			proxyType = 1;
			remoteGlobalIDString = 0DE1FC951E85B49A003F4023;
			remoteInfo = KSPromisePlayground;
		};
/* End PBXContainerItemProxy section */

/* Begin PBXFileReference section */
		0DE1FC961E85B49A003F4023 /* KSPromisePlayground.app */ = {isa = PBXFileReference; explicitFileType = wrapper.application; includeInIndex = 0; path = KSPromisePlayground.app; sourceTree = BUILT_PRODUCTS_DIR; };
		0DE1FC9A1E85B49A003F4023 /* main.m */ = {isa = PBXFileReference; lastKnownFileType = sourcecode.c.objc; path = main.m; sourceTree = "<group>"; };
		0DE1FC9C1E85B49A003F4023 /* AppDelegate.h */ = {isa = PBXFileReference; lastKnownFileType = sourcecode.c.h; path = AppDelegate.h; sourceTree = "<group>"; };
		0DE1FC9D1E85B49A003F4023 /* AppDelegate.m */ = {isa = PBXFileReference; lastKnownFileType = sourcecode.c.objc; path = AppDelegate.m; sourceTree = "<group>"; };
		0DE1FC9F1E85B49A003F4023 /* ViewController.h */ = {isa = PBXFileReference; lastKnownFileType = sourcecode.c.h; path = ViewController.h; sourceTree = "<group>"; };
		0DE1FCA01E85B49A003F4023 /* ViewController.m */ = {isa = PBXFileReference; lastKnownFileType = sourcecode.c.objc; path = ViewController.m; sourceTree = "<group>"; };
		0DE1FCA31E85B49A003F4023 /* Base */ = {isa = PBXFileReference; lastKnownFileType = file.storyboard; name = Base; path = Base.lproj/Main.storyboard; sourceTree = "<group>"; };
		0DE1FCA51E85B49A003F4023 /* Assets.xcassets */ = {isa = PBXFileReference; lastKnownFileType = folder.assetcatalog; path = Assets.xcassets; sourceTree = "<group>"; };
		0DE1FCA81E85B49A003F4023 /* Base */ = {isa = PBXFileReference; lastKnownFileType = file.storyboard; name = Base; path = Base.lproj/LaunchScreen.storyboard; sourceTree = "<group>"; };
		0DE1FCAA1E85B49A003F4023 /* Info.plist */ = {isa = PBXFileReference; lastKnownFileType = text.plist.xml; path = Info.plist; sourceTree = "<group>"; };
		0DE1FCAF1E85B49A003F4023 /* KSPromisePlaygroundTests.xctest */ = {isa = PBXFileReference; explicitFileType = wrapper.cfbundle; includeInIndex = 0; path = KSPromisePlaygroundTests.xctest; sourceTree = BUILT_PRODUCTS_DIR; };
		0DE1FCB31E85B49A003F4023 /* KSPromisePlaygroundTests.m */ = {isa = PBXFileReference; lastKnownFileType = sourcecode.c.objc; path = KSPromisePlaygroundTests.m; sourceTree = "<group>"; };
		0DE1FCB51E85B49A003F4023 /* Info.plist */ = {isa = PBXFileReference; lastKnownFileType = text.plist.xml; path = Info.plist; sourceTree = "<group>"; };
/* End PBXFileReference section */

/* Begin PBXFrameworksBuildPhase section */
		0DE1FC931E85B49A003F4023 /* Frameworks */ = {
			isa = PBXFrameworksBuildPhase;
			buildActionMask = 2147483647;
			files = (
			);
			runOnlyForDeploymentPostprocessing = 0;
		};
		0DE1FCAC1E85B49A003F4023 /* Frameworks */ = {
			isa = PBXFrameworksBuildPhase;
			buildActionMask = 2147483647;
			files = (
			);
			runOnlyForDeploymentPostprocessing = 0;
		};
/* End PBXFrameworksBuildPhase section */

/* Begin PBXGroup section */
		0DE1FC8D1E85B49A003F4023 = {
			isa = PBXGroup;
			children = (
				0DE1FC981E85B49A003F4023 /* KSPromisePlayground */,
				0DE1FCB21E85B49A003F4023 /* KSPromisePlaygroundTests */,
				0DE1FC971E85B49A003F4023 /* Products */,
			);
			sourceTree = "<group>";
		};
		0DE1FC971E85B49A003F4023 /* Products */ = {
			isa = PBXGroup;
			children = (
				0DE1FC961E85B49A003F4023 /* KSPromisePlayground.app */,
				0DE1FCAF1E85B49A003F4023 /* KSPromisePlaygroundTests.xctest */,
			);
			name = Products;
			sourceTree = "<group>";
		};
		0DE1FC981E85B49A003F4023 /* KSPromisePlayground */ = {
			isa = PBXGroup;
			children = (
				0DE1FC9C1E85B49A003F4023 /* AppDelegate.h */,
				0DE1FC9D1E85B49A003F4023 /* AppDelegate.m */,
				0DE1FC9F1E85B49A003F4023 /* ViewController.h */,
				0DE1FCA01E85B49A003F4023 /* ViewController.m */,
				0DE1FCA21E85B49A003F4023 /* Main.storyboard */,
				0DE1FCA51E85B49A003F4023 /* Assets.xcassets */,
				0DE1FCA71E85B49A003F4023 /* LaunchScreen.storyboard */,
				0DE1FCAA1E85B49A003F4023 /* Info.plist */,
				0DE1FC991E85B49A003F4023 /* Supporting Files */,
			);
			path = KSPromisePlayground;
			sourceTree = "<group>";
		};
		0DE1FC991E85B49A003F4023 /* Supporting Files */ = {
			isa = PBXGroup;
			children = (
				0DE1FC9A1E85B49A003F4023 /* main.m */,
			);
			name = "Supporting Files";
			sourceTree = "<group>";
		};
		0DE1FCB21E85B49A003F4023 /* KSPromisePlaygroundTests */ = {
			isa = PBXGroup;
			children = (
				0DE1FCB31E85B49A003F4023 /* KSPromisePlaygroundTests.m */,
				0DE1FCB51E85B49A003F4023 /* Info.plist */,
			);
			path = KSPromisePlaygroundTests;
			sourceTree = "<group>";
		};
/* End PBXGroup section */

/* Begin PBXNativeTarget section */
		0DE1FC951E85B49A003F4023 /* KSPromisePlayground */ = {
			isa = PBXNativeTarget;
			buildConfigurationList = 0DE1FCB81E85B49A003F4023 /* Build configuration list for PBXNativeTarget "KSPromisePlayground" */;
			buildPhases = (
				0DE1FC921E85B49A003F4023 /* Sources */,
				0DE1FC931E85B49A003F4023 /* Frameworks */,
				0DE1FC941E85B49A003F4023 /* Resources */,
			);
			buildRules = (
			);
			dependencies = (
			);
			name = KSPromisePlayground;
			productName = KSPromisePlayground;
			productReference = 0DE1FC961E85B49A003F4023 /* KSPromisePlayground.app */;
			productType = "com.apple.product-type.application";
		};
		0DE1FCAE1E85B49A003F4023 /* KSPromisePlaygroundTests */ = {
			isa = PBXNativeTarget;
			buildConfigurationList = 0DE1FCBB1E85B49A003F4023 /* Build configuration list for PBXNativeTarget "KSPromisePlaygroundTests" */;
			buildPhases = (
				0DE1FCAB1E85B49A003F4023 /* Sources */,
				0DE1FCAC1E85B49A003F4023 /* Frameworks */,
				0DE1FCAD1E85B49A003F4023 /* Resources */,
			);
			buildRules = (
			);
			dependencies = (
				0DE1FCB11E85B49A003F4023 /* PBXTargetDependency */,
			);
			name = KSPromisePlaygroundTests;
			productName = KSPromisePlaygroundTests;
			productReference = 0DE1FCAF1E85B49A003F4023 /* KSPromisePlaygroundTests.xctest */;
			productType = "com.apple.product-type.bundle.unit-test";
		};
/* End PBXNativeTarget section */

/* Begin PBXProject section */
		0DE1FC8E1E85B49A003F4023 /* Project object */ = {
			isa = PBXProject;
			attributes = {
				LastUpgradeCheck = 0810;
				ORGANIZATIONNAME = "Lottis, Kent";
				TargetAttributes = {
					0DE1FC951E85B49A003F4023 = {
						CreatedOnToolsVersion = 8.1;
						DevelopmentTeam = 62B6EKFTEH;
						ProvisioningStyle = Automatic;
					};
					0DE1FCAE1E85B49A003F4023 = {
						CreatedOnToolsVersion = 8.1;
						DevelopmentTeam = 62B6EKFTEH;
						ProvisioningStyle = Automatic;
						TestTargetID = 0DE1FC951E85B49A003F4023;
					};
				};
			};
			buildConfigurationList = 0DE1FC911E85B49A003F4023 /* Build configuration list for PBXProject "KSPromisePlayground" */;
			compatibilityVersion = "Xcode 3.2";
			developmentRegion = English;
			hasScannedForEncodings = 0;
			knownRegions = (
				en,
				Base,
			);
			mainGroup = 0DE1FC8D1E85B49A003F4023;
			productRefGroup = 0DE1FC971E85B49A003F4023 /* Products */;
			projectDirPath = "";
			projectRoot = "";
			targets = (
				0DE1FC951E85B49A003F4023 /* KSPromisePlayground */,
				0DE1FCAE1E85B49A003F4023 /* KSPromisePlaygroundTests */,
			);
		};
/* End PBXProject section */

/* Begin PBXResourcesBuildPhase section */
		0DE1FC941E85B49A003F4023 /* Resources */ = {
			isa = PBXResourcesBuildPhase;
			buildActionMask = 2147483647;
			files = (
				0DE1FCA91E85B49A003F4023 /* LaunchScreen.storyboard in Resources */,
				0DE1FCA61E85B49A003F4023 /* Assets.xcassets in Resources */,
				0DE1FCA41E85B49A003F4023 /* Main.storyboard in Resources */,
			);
			runOnlyForDeploymentPostprocessing = 0;
		};
		0DE1FCAD1E85B49A003F4023 /* Resources */ = {
			isa = PBXResourcesBuildPhase;
			buildActionMask = 2147483647;
			files = (
			);
			runOnlyForDeploymentPostprocessing = 0;
		};
/* End PBXResourcesBuildPhase section */

/* Begin PBXSourcesBuildPhase section */
		0DE1FC921E85B49A003F4023 /* Sources */ = {
			isa = PBXSourcesBuildPhase;
			buildActionMask = 2147483647;
			files = (
				0DE1FCA11E85B49A003F4023 /* ViewController.m in Sources */,
				0DE1FC9E1E85B49A003F4023 /* AppDelegate.m in Sources */,
				0DE1FC9B1E85B49A003F4023 /* main.m in Sources */,
			);
			runOnlyForDeploymentPostprocessing = 0;
		};
		0DE1FCAB1E85B49A003F4023 /* Sources */ = {
			isa = PBXSourcesBuildPhase;
			buildActionMask = 2147483647;
			files = (
				0DE1FCB41E85B49A003F4023 /* KSPromisePlaygroundTests.m in Sources */,
			);
			runOnlyForDeploymentPostprocessing = 0;
		};
/* End PBXSourcesBuildPhase section */

/* Begin PBXTargetDependency section */
		0DE1FCB11E85B49A003F4023 /* PBXTargetDependency */ = {
			isa = PBXTargetDependency;
			target = 0DE1FC951E85B49A003F4023 /* KSPromisePlayground */;
			targetProxy = 0DE1FCB01E85B49A003F4023 /* PBXContainerItemProxy */;
		};
/* End PBXTargetDependency section */

/* Begin PBXVariantGroup section */
		0DE1FCA21E85B49A003F4023 /* Main.storyboard */ = {
			isa = PBXVariantGroup;
			children = (
				0DE1FCA31E85B49A003F4023 /* Base */,
			);
			name = Main.storyboard;
			sourceTree = "<group>";
		};
		0DE1FCA71E85B49A003F4023 /* LaunchScreen.storyboard */ = {
			isa = PBXVariantGroup;
			children = (
				0DE1FCA81E85B49A003F4023 /* Base */,
			);
			name = LaunchScreen.storyboard;
			sourceTree = "<group>";
		};
/* End PBXVariantGroup section */

/* Begin XCBuildConfiguration section */
		0DE1FCB61E85B49A003F4023 /* Debug */ = {
			isa = XCBuildConfiguration;
			buildSettings = {
				ALWAYS_SEARCH_USER_PATHS = NO;
				CLANG_ANALYZER_NONNULL = YES;
				CLANG_CXX_LANGUAGE_STANDARD = "gnu++0x";
				CLANG_CXX_LIBRARY = "libc++";
				CLANG_ENABLE_MODULES = YES;
				CLANG_ENABLE_OBJC_ARC = YES;
				CLANG_WARN_BOOL_CONVERSION = YES;
				CLANG_WARN_CONSTANT_CONVERSION = YES;
				CLANG_WARN_DIRECT_OBJC_ISA_USAGE = YES_ERROR;
				CLANG_WARN_DOCUMENTATION_COMMENTS = YES;
				CLANG_WARN_EMPTY_BODY = YES;
				CLANG_WARN_ENUM_CONVERSION = YES;
				CLANG_WARN_INFINITE_RECURSION = YES;
				CLANG_WARN_INT_CONVERSION = YES;
				CLANG_WARN_OBJC_ROOT_CLASS = YES_ERROR;
				CLANG_WARN_SUSPICIOUS_MOVES = YES;
				CLANG_WARN_UNREACHABLE_CODE = YES;
				CLANG_WARN__DUPLICATE_METHOD_MATCH = YES;
				"CODE_SIGN_IDENTITY[sdk=iphoneos*]" = "iPhone Developer";
				COPY_PHASE_STRIP = NO;
				DEBUG_INFORMATION_FORMAT = dwarf;
				ENABLE_STRICT_OBJC_MSGSEND = YES;
				ENABLE_TESTABILITY = YES;
				GCC_C_LANGUAGE_STANDARD = gnu99;
				GCC_DYNAMIC_NO_PIC = NO;
				GCC_NO_COMMON_BLOCKS = YES;
				GCC_OPTIMIZATION_LEVEL = 0;
				GCC_PREPROCESSOR_DEFINITIONS = (
					"DEBUG=1",
					"$(inherited)",
				);
				GCC_WARN_64_TO_32_BIT_CONVERSION = YES;
				GCC_WARN_ABOUT_RETURN_TYPE = YES_ERROR;
				GCC_WARN_UNDECLARED_SELECTOR = YES;
				GCC_WARN_UNINITIALIZED_AUTOS = YES_AGGRESSIVE;
				GCC_WARN_UNUSED_FUNCTION = YES;
				GCC_WARN_UNUSED_VARIABLE = YES;
				IPHONEOS_DEPLOYMENT_TARGET = 10.1;
				MTL_ENABLE_DEBUG_INFO = YES;
				ONLY_ACTIVE_ARCH = YES;
				SDKROOT = iphoneos;
				TARGETED_DEVICE_FAMILY = "1,2";
			};
			name = Debug;
		};
		0DE1FCB71E85B49A003F4023 /* Release */ = {
			isa = XCBuildConfiguration;
			buildSettings = {
				ALWAYS_SEARCH_USER_PATHS = NO;
				CLANG_ANALYZER_NONNULL = YES;
				CLANG_CXX_LANGUAGE_STANDARD = "gnu++0x";
				CLANG_CXX_LIBRARY = "libc++";
				CLANG_ENABLE_MODULES = YES;
				CLANG_ENABLE_OBJC_ARC = YES;
				CLANG_WARN_BOOL_CONVERSION = YES;
				CLANG_WARN_CONSTANT_CONVERSION = YES;
				CLANG_WARN_DIRECT_OBJC_ISA_USAGE = YES_ERROR;
				CLANG_WARN_DOCUMENTATION_COMMENTS = YES;
				CLANG_WARN_EMPTY_BODY = YES;
				CLANG_WARN_ENUM_CONVERSION = YES;
				CLANG_WARN_INFINITE_RECURSION = YES;
				CLANG_WARN_INT_CONVERSION = YES;
				CLANG_WARN_OBJC_ROOT_CLASS = YES_ERROR;
				CLANG_WARN_SUSPICIOUS_MOVES = YES;
				CLANG_WARN_UNREACHABLE_CODE = YES;
				CLANG_WARN__DUPLICATE_METHOD_MATCH = YES;
				"CODE_SIGN_IDENTITY[sdk=iphoneos*]" = "iPhone Developer";
				COPY_PHASE_STRIP = NO;
				DEBUG_INFORMATION_FORMAT = "dwarf-with-dsym";
				ENABLE_NS_ASSERTIONS = NO;
				ENABLE_STRICT_OBJC_MSGSEND = YES;
				GCC_C_LANGUAGE_STANDARD = gnu99;
				GCC_NO_COMMON_BLOCKS = YES;
				GCC_WARN_64_TO_32_BIT_CONVERSION = YES;
				GCC_WARN_ABOUT_RETURN_TYPE = YES_ERROR;
				GCC_WARN_UNDECLARED_SELECTOR = YES;
				GCC_WARN_UNINITIALIZED_AUTOS = YES_AGGRESSIVE;
				GCC_WARN_UNUSED_FUNCTION = YES;
				GCC_WARN_UNUSED_VARIABLE = YES;
				IPHONEOS_DEPLOYMENT_TARGET = 10.1;
				MTL_ENABLE_DEBUG_INFO = NO;
				SDKROOT = iphoneos;
				TARGETED_DEVICE_FAMILY = "1,2";
				VALIDATE_PRODUCT = YES;
			};
			name = Release;
		};
		0DE1FCB91E85B49A003F4023 /* Debug */ = {
			isa = XCBuildConfiguration;
			buildSettings = {
				ASSETCATALOG_COMPILER_APPICON_NAME = AppIcon;
				DEVELOPMENT_TEAM = 62B6EKFTEH;
				INFOPLIST_FILE = KSPromisePlayground/Info.plist;
				LD_RUNPATH_SEARCH_PATHS = "$(inherited) @executable_path/Frameworks";
				PRODUCT_BUNDLE_IDENTIFIER = com.kentlottis.KSPromisePlayground;
				PRODUCT_NAME = "$(TARGET_NAME)";
			};
			name = Debug;
		};
		0DE1FCBA1E85B49A003F4023 /* Release */ = {
			isa = XCBuildConfiguration;
			buildSettings = {
				ASSETCATALOG_COMPILER_APPICON_NAME = AppIcon;
				DEVELOPMENT_TEAM = 62B6EKFTEH;
				INFOPLIST_FILE = KSPromisePlayground/Info.plist;
				LD_RUNPATH_SEARCH_PATHS = "$(inherited) @executable_path/Frameworks";
				PRODUCT_BUNDLE_IDENTIFIER = com.kentlottis.KSPromisePlayground;
				PRODUCT_NAME = "$(TARGET_NAME)";
			};
			name = Release;
		};
		0DE1FCBC1E85B49A003F4023 /* Debug */ = {
			isa = XCBuildConfiguration;
			buildSettings = {
				BUNDLE_LOADER = "$(TEST_HOST)";
				DEVELOPMENT_TEAM = 62B6EKFTEH;
				INFOPLIST_FILE = KSPromisePlaygroundTests/Info.plist;
				LD_RUNPATH_SEARCH_PATHS = "$(inherited) @executable_path/Frameworks @loader_path/Frameworks";
				PRODUCT_BUNDLE_IDENTIFIER = com.kentlottis.KSPromisePlaygroundTests;
				PRODUCT_NAME = "$(TARGET_NAME)";
				TEST_HOST = "$(BUILT_PRODUCTS_DIR)/KSPromisePlayground.app/KSPromisePlayground";
			};
			name = Debug;
		};
		0DE1FCBD1E85B49A003F4023 /* Release */ = {
			isa = XCBuildConfiguration;
			buildSettings = {
				BUNDLE_LOADER = "$(TEST_HOST)";
				DEVELOPMENT_TEAM = 62B6EKFTEH;
				INFOPLIST_FILE = KSPromisePlaygroundTests/Info.plist;
				LD_RUNPATH_SEARCH_PATHS = "$(inherited) @executable_path/Frameworks @loader_path/Frameworks";
				PRODUCT_BUNDLE_IDENTIFIER = com.kentlottis.KSPromisePlaygroundTests;
				PRODUCT_NAME = "$(TARGET_NAME)";
				TEST_HOST = "$(BUILT_PRODUCTS_DIR)/KSPromisePlayground.app/KSPromisePlayground";
			};
			name = Release;
		};
/* End XCBuildConfiguration section */

/* Begin XCConfigurationList section */
		0DE1FC911E85B49A003F4023 /* Build configuration list for PBXProject "KSPromisePlayground" */ = {
			isa = XCConfigurationList;
			buildConfigurations = (
				0DE1FCB61E85B49A003F4023 /* Debug */,
				0DE1FCB71E85B49A003F4023 /* Release */,
			);
			defaultConfigurationIsVisible = 0;
			defaultConfigurationName = Release;
		};
		0DE1FCB81E85B49A003F4023 /* Build configuration list for PBXNativeTarget "KSPromisePlayground" */ = {
			isa = XCConfigurationList;
			buildConfigurations = (
				0DE1FCB91E85B49A003F4023 /* Debug */,
				0DE1FCBA1E85B49A003F4023 /* Release */,
			);
			defaultConfigurationIsVisible = 0;
		};
		0DE1FCBB1E85B49A003F4023 /* Build configuration list for PBXNativeTarget "KSPromisePlaygroundTests" */ = {
			isa = XCConfigurationList;
			buildConfigurations = (
				0DE1FCBC1E85B49A003F4023 /* Debug */,
				0DE1FCBD1E85B49A003F4023 /* Release */,
			);
			defaultConfigurationIsVisible = 0;
		};
/* End XCConfigurationList section */
	};
	rootObject = 0DE1FC8E1E85B49A003F4023 /* Project object */;
}
